
Microsoft Visual Studio Solution File, Format Version 12.00
# Visual Studio Version 17
VisualStudioVersion = 17.0.31903.59
MinimumVisualStudioVersion = 10.0.40219.1
Project("{FAE04EC0-301F-11D3-BF4B-00C04F79EFBC}") = "FinanceApplication", "FinanceApplication\FinanceApplication.csproj", "{B0948BDA-DF35-4828-B762-B9BF0E52DAEE}"
EndProject
Project("{2150E333-8FDC-42A3-9474-1A3956D46DE8}") = "Solution Items", "Solution Items", "{8EC462FD-D22E-90A8-E5CE-7E832BA40C5D}"
	ProjectSection(SolutionItems) = preProject
		.gitignore = .gitignore
	EndProjectSection
EndProject
Global
	GlobalSection(SolutionConfigurationPlatforms) = preSolution
		Debug|Any CPU = Debug|Any CPU
		Debug|x64 = Debug|x64
		Debug|x86 = Debug|x86
		Release|Any CPU = Release|Any CPU
		Release|x64 = Release|x64
		Release|x86 = Release|x86
	EndGlobalSection
	GlobalSection(ProjectConfigurationPlatforms) = postSolution
		{B0948BDA-DF35-4828-B762-B9BF0E52DAEE}.Debug|Any CPU.ActiveCfg = Debug|Any CPU
		{B0948BDA-DF35-4828-B762-B9BF0E52DAEE}.Debug|Any CPU.Build.0 = Debug|Any CPU
		{B0948BDA-DF35-4828-B762-B9BF0E52DAEE}.Debug|x64.ActiveCfg = Debug|Any CPU
		{B0948BDA-DF35-4828-B762-B9BF0E52DAEE}.Debug|x64.Build.0 = Debug|Any CPU
		{B0948BDA-DF35-4828-B762-B9BF0E52DAEE}.Debug|x86.ActiveCfg = Debug|Any CPU
		{B0948BDA-DF35-4828-B762-B9BF0E52DAEE}.Debug|x86.Build.0 = Debug|Any CPU
		{B0948BDA-DF35-4828-B762-B9BF0E52DAEE}.Release|Any CPU.ActiveCfg = Release|Any CPU
		{B0948BDA-DF35-4828-B762-B9BF0E52DAEE}.Release|Any CPU.Build.0 = Release|Any CPU
		{B0948BDA-DF35-4828-B762-B9BF0E52DAEE}.Release|x64.ActiveCfg = Release|Any CPU
		{B0948BDA-DF35-4828-B762-B9BF0E52DAEE}.Release|x64.Build.0 = Release|Any CPU
		{B0948BDA-DF35-4828-B762-B9BF0E52DAEE}.Release|x86.ActiveCfg = Release|Any CPU
		{B0948BDA-DF35-4828-B762-B9BF0E52DAEE}.Release|x86.Build.0 = Release|Any CPU
	EndGlobalSection
	GlobalSection(SolutionProperties) = preSolution
		HideSolutionNode = FALSE
	EndGlobalSection
	GlobalSection(ExtensibilityGlobals) = postSolution
		SolutionGuid = {1745E710-7C0A-4B5F-8803-982FEB31C3C7}
	EndGlobalSection
EndGlobal
